// !$*UTF8*$!
{
	archiveVersion = 1;
	classes = {
	};
	objectVersion = 50;
	objects = {

/* Begin PBXBuildFile section */
		E2095A4620AEB21B00A42F9D /* OrderConfirmationViewController.swift in Sources */ = {isa = PBXBuildFile; fileRef = E2095A4520AEB21B00A42F9D /* OrderConfirmationViewController.swift */; };
		E2095A4820AEB2A300A42F9D /* PropertyKeys.swift in Sources */ = {isa = PBXBuildFile; fileRef = E2095A4720AEB2A200A42F9D /* PropertyKeys.swift */; };
		E272680D20AC158000DB15BF /* AppDelegate.swift in Sources */ = {isa = PBXBuildFile; fileRef = E272680C20AC158000DB15BF /* AppDelegate.swift */; };
		E272681220AC158000DB15BF /* Main.storyboard in Resources */ = {isa = PBXBuildFile; fileRef = E272681020AC158000DB15BF /* Main.storyboard */; };
		E272681420AC158100DB15BF /* Assets.xcassets in Resources */ = {isa = PBXBuildFile; fileRef = E272681320AC158100DB15BF /* Assets.xcassets */; };
		E272681720AC158100DB15BF /* LaunchScreen.storyboard in Resources */ = {isa = PBXBuildFile; fileRef = E272681520AC158100DB15BF /* LaunchScreen.storyboard */; };
		E272682320AC1C9D00DB15BF /* CategoryTableViewController.swift in Sources */ = {isa = PBXBuildFile; fileRef = E272682220AC1C9D00DB15BF /* CategoryTableViewController.swift */; };
		E272682520AC1CB500DB15BF /* MenuTableViewController.swift in Sources */ = {isa = PBXBuildFile; fileRef = E272682420AC1CB500DB15BF /* MenuTableViewController.swift */; };
		E272682720AC1CC300DB15BF /* OrderTableViewController.swift in Sources */ = {isa = PBXBuildFile; fileRef = E272682620AC1CC300DB15BF /* OrderTableViewController.swift */; };
		E272682920AC1EC400DB15BF /* MenuItemDetailViewController.swift in Sources */ = {isa = PBXBuildFile; fileRef = E272682820AC1EC400DB15BF /* MenuItemDetailViewController.swift */; };
		E272682B20AC1FEE00DB15BF /* MenuItem.swift in Sources */ = {isa = PBXBuildFile; fileRef = E272682A20AC1FEE00DB15BF /* MenuItem.swift */; };
		E272682D20AC260F00DB15BF /* IntermediaryModels.swift in Sources */ = {isa = PBXBuildFile; fileRef = E272682C20AC260F00DB15BF /* IntermediaryModels.swift */; };
		E272682F20AC27E000DB15BF /* MenuController.swift in Sources */ = {isa = PBXBuildFile; fileRef = E272682E20AC27E000DB15BF /* MenuController.swift */; };
		E292186B20B3FD85008306F2 /* DateExtension.swift in Sources */ = {isa = PBXBuildFile; fileRef = E292186A20B3FD85008306F2 /* DateExtension.swift */; };
/* End PBXBuildFile section */

/* Begin PBXFileReference section */
		E2095A4520AEB21B00A42F9D /* OrderConfirmationViewController.swift */ = {isa = PBXFileReference; lastKnownFileType = sourcecode.swift; path = OrderConfirmationViewController.swift; sourceTree = "<group>"; };
		E2095A4720AEB2A200A42F9D /* PropertyKeys.swift */ = {isa = PBXFileReference; lastKnownFileType = sourcecode.swift; path = PropertyKeys.swift; sourceTree = "<group>"; };
		E272680920AC158000DB15BF /* RestaurantApp.app */ = {isa = PBXFileReference; explicitFileType = wrapper.application; includeInIndex = 0; path = RestaurantApp.app; sourceTree = BUILT_PRODUCTS_DIR; };
		E272680C20AC158000DB15BF /* AppDelegate.swift */ = {isa = PBXFileReference; lastKnownFileType = sourcecode.swift; path = AppDelegate.swift; sourceTree = "<group>"; };
		E272681120AC158000DB15BF /* Base */ = {isa = PBXFileReference; lastKnownFileType = file.storyboard; name = Base; path = Base.lproj/Main.storyboard; sourceTree = "<group>"; };
		E272681320AC158100DB15BF /* Assets.xcassets */ = {isa = PBXFileReference; lastKnownFileType = folder.assetcatalog; path = Assets.xcassets; sourceTree = "<group>"; };
		E272681620AC158100DB15BF /* Base */ = {isa = PBXFileReference; lastKnownFileType = file.storyboard; name = Base; path = Base.lproj/LaunchScreen.storyboard; sourceTree = "<group>"; };
		E272681820AC158100DB15BF /* Info.plist */ = {isa = PBXFileReference; lastKnownFileType = text.plist.xml; path = Info.plist; sourceTree = "<group>"; };
		E272682220AC1C9D00DB15BF /* CategoryTableViewController.swift */ = {isa = PBXFileReference; lastKnownFileType = sourcecode.swift; path = CategoryTableViewController.swift; sourceTree = "<group>"; };
		E272682420AC1CB500DB15BF /* MenuTableViewController.swift */ = {isa = PBXFileReference; lastKnownFileType = sourcecode.swift; path = MenuTableViewController.swift; sourceTree = "<group>"; };
		E272682620AC1CC300DB15BF /* OrderTableViewController.swift */ = {isa = PBXFileReference; lastKnownFileType = sourcecode.swift; path = OrderTableViewController.swift; sourceTree = "<group>"; };
		E272682820AC1EC400DB15BF /* MenuItemDetailViewController.swift */ = {isa = PBXFileReference; lastKnownFileType = sourcecode.swift; path = MenuItemDetailViewController.swift; sourceTree = "<group>"; };
		E272682A20AC1FEE00DB15BF /* MenuItem.swift */ = {isa = PBXFileReference; lastKnownFileType = sourcecode.swift; name = MenuItem.swift; path = RestaurantApp/Models/MenuItem.swift; sourceTree = SOURCE_ROOT; };
		E272682C20AC260F00DB15BF /* IntermediaryModels.swift */ = {isa = PBXFileReference; lastKnownFileType = sourcecode.swift; path = IntermediaryModels.swift; sourceTree = "<group>"; };
		E272682E20AC27E000DB15BF /* MenuController.swift */ = {isa = PBXFileReference; lastKnownFileType = sourcecode.swift; path = MenuController.swift; sourceTree = "<group>"; };
		E292186A20B3FD85008306F2 /* DateExtension.swift */ = {isa = PBXFileReference; lastKnownFileType = sourcecode.swift; path = DateExtension.swift; sourceTree = "<group>"; };
/* End PBXFileReference section */

/* Begin PBXFrameworksBuildPhase section */
		E272680620AC158000DB15BF /* Frameworks */ = {
			isa = PBXFrameworksBuildPhase;
			buildActionMask = 2147483647;
			files = (
			);
			runOnlyForDeploymentPostprocessing = 0;
		};
/* End PBXFrameworksBuildPhase section */

/* Begin PBXGroup section */
		E272680020AC158000DB15BF = {
			isa = PBXGroup;
			children = (
				E272680B20AC158000DB15BF /* RestaurantApp */,
				E272680A20AC158000DB15BF /* Products */,
			);
			sourceTree = "<group>";
		};
		E272680A20AC158000DB15BF /* Products */ = {
			isa = PBXGroup;
			children = (
				E272680920AC158000DB15BF /* RestaurantApp.app */,
			);
			name = Products;
			sourceTree = "<group>";
		};
		E272680B20AC158000DB15BF /* RestaurantApp */ = {
			isa = PBXGroup;
			children = (
				E272680C20AC158000DB15BF /* AppDelegate.swift */,
				E272681F20AC15A600DB15BF /* ViewControllers */,
				E272681E20AC159E00DB15BF /* Models */,
				E272683020AC27E500DB15BF /* Controllers */,
				E272681020AC158000DB15BF /* Main.storyboard */,
				E272681320AC158100DB15BF /* Assets.xcassets */,
				E272681520AC158100DB15BF /* LaunchScreen.storyboard */,
				E272681820AC158100DB15BF /* Info.plist */,
			);
			path = RestaurantApp;
			sourceTree = "<group>";
		};
		E272681E20AC159E00DB15BF /* Models */ = {
			isa = PBXGroup;
			children = (
				E272682A20AC1FEE00DB15BF /* MenuItem.swift */,
				E272682C20AC260F00DB15BF /* IntermediaryModels.swift */,
			);
			path = Models;
			sourceTree = "<group>";
		};
		E272681F20AC15A600DB15BF /* ViewControllers */ = {
			isa = PBXGroup;
			children = (
				E272682220AC1C9D00DB15BF /* CategoryTableViewController.swift */,
				E272682420AC1CB500DB15BF /* MenuTableViewController.swift */,
				E272682820AC1EC400DB15BF /* MenuItemDetailViewController.swift */,
				E272682620AC1CC300DB15BF /* OrderTableViewController.swift */,
				E2095A4520AEB21B00A42F9D /* OrderConfirmationViewController.swift */,
				E292186A20B3FD85008306F2 /* DateExtension.swift */,
				E2095A4720AEB2A200A42F9D /* PropertyKeys.swift */,
			);
			path = ViewControllers;
			sourceTree = "<group>";
		};
		E272683020AC27E500DB15BF /* Controllers */ = {
			isa = PBXGroup;
			children = (
				E272682E20AC27E000DB15BF /* MenuController.swift */,
			);
			path = Controllers;
			sourceTree = "<group>";
		};
/* End PBXGroup section */

/* Begin PBXNativeTarget section */
		E272680820AC158000DB15BF /* RestaurantApp */ = {
			isa = PBXNativeTarget;
			buildConfigurationList = E272681B20AC158100DB15BF /* Build configuration list for PBXNativeTarget "RestaurantApp" */;
			buildPhases = (
				E272680520AC158000DB15BF /* Sources */,
				E272680620AC158000DB15BF /* Frameworks */,
				E272680720AC158000DB15BF /* Resources */,
			);
			buildRules = (
			);
			dependencies = (
			);
			name = RestaurantApp;
			productName = RestaurantApp;
			productReference = E272680920AC158000DB15BF /* RestaurantApp.app */;
			productType = "com.apple.product-type.application";
		};
/* End PBXNativeTarget section */

/* Begin PBXProject section */
		E272680120AC158000DB15BF /* Project object */ = {
			isa = PBXProject;
			attributes = {
				LastSwiftUpdateCheck = 0930;
				LastUpgradeCheck = 0930;
				ORGANIZATIONNAME = "Sergheev Andrian";
				TargetAttributes = {
					E272680820AC158000DB15BF = {
						CreatedOnToolsVersion = 9.3.1;
					};
				};
			};
			buildConfigurationList = E272680420AC158000DB15BF /* Build configuration list for PBXProject "RestaurantApp" */;
			compatibilityVersion = "Xcode 9.3";
			developmentRegion = en;
			hasScannedForEncodings = 0;
			knownRegions = (
				en,
				Base,
			);
			mainGroup = E272680020AC158000DB15BF;
			productRefGroup = E272680A20AC158000DB15BF /* Products */;
			projectDirPath = "";
			projectRoot = "";
			targets = (
				E272680820AC158000DB15BF /* RestaurantApp */,
			);
		};
/* End PBXProject section */

/* Begin PBXResourcesBuildPhase section */
		E272680720AC158000DB15BF /* Resources */ = {
			isa = PBXResourcesBuildPhase;
			buildActionMask = 2147483647;
			files = (
				E272681720AC158100DB15BF /* LaunchScreen.storyboard in Resources */,
				E272681420AC158100DB15BF /* Assets.xcassets in Resources */,
				E272681220AC158000DB15BF /* Main.storyboard in Resources */,
			);
			runOnlyForDeploymentPostprocessing = 0;
		};
/* End PBXResourcesBuildPhase section */

/* Begin PBXSourcesBuildPhase section */
		E272680520AC158000DB15BF /* Sources */ = {
			isa = PBXSourcesBuildPhase;
			buildActionMask = 2147483647;
			files = (
				E272682F20AC27E000DB15BF /* MenuController.swift in Sources */,
				E272682920AC1EC400DB15BF /* MenuItemDetailViewController.swift in Sources */,
				E2095A4820AEB2A300A42F9D /* PropertyKeys.swift in Sources */,
				E272682B20AC1FEE00DB15BF /* MenuItem.swift in Sources */,
				E272682720AC1CC300DB15BF /* OrderTableViewController.swift in Sources */,
				E272680D20AC158000DB15BF /* AppDelegate.swift in Sources */,
				E292186B20B3FD85008306F2 /* DateExtension.swift in Sources */,
				E2095A4620AEB21B00A42F9D /* OrderConfirmationViewController.swift in Sources */,
				E272682320AC1C9D00DB15BF /* CategoryTableViewController.swift in Sources */,
				E272682520AC1CB500DB15BF /* MenuTableViewController.swift in Sources */,
				E272682D20AC260F00DB15BF /* IntermediaryModels.swift in Sources */,
			);
			runOnlyForDeploymentPostprocessing = 0;
		};
/* End PBXSourcesBuildPhase section */

/* Begin PBXVariantGroup section */
		E272681020AC158000DB15BF /* Main.storyboard */ = {
			isa = PBXVariantGroup;
			children = (
				E272681120AC158000DB15BF /* Base */,
			);
			name = Main.storyboard;
			sourceTree = "<group>";
		};
		E272681520AC158100DB15BF /* LaunchScreen.storyboard */ = {
			isa = PBXVariantGroup;
			children = (
				E272681620AC158100DB15BF /* Base */,
			);
			name = LaunchScreen.storyboard;
			sourceTree = "<group>";
		};
/* End PBXVariantGroup section */

/* Begin XCBuildConfiguration section */
		E272681920AC158100DB15BF /* Debug */ = {
			isa = XCBuildConfiguration;
			buildSettings = {
				ALWAYS_SEARCH_USER_PATHS = NO;
				CLANG_ANALYZER_NONNULL = YES;
				CLANG_ANALYZER_NUMBER_OBJECT_CONVERSION = YES_AGGRESSIVE;
				CLANG_CXX_LANGUAGE_STANDARD = "gnu++14";
				CLANG_CXX_LIBRARY = "libc++";
				CLANG_ENABLE_MODULES = YES;
				CLANG_ENABLE_OBJC_ARC = YES;
				CLANG_ENABLE_OBJC_WEAK = YES;
				CLANG_WARN_BLOCK_CAPTURE_AUTORELEASING = YES;
				CLANG_WARN_BOOL_CONVERSION = YES;
				CLANG_WARN_COMMA = YES;
				CLANG_WARN_CONSTANT_CONVERSION = YES;
				CLANG_WARN_DEPRECATED_OBJC_IMPLEMENTATIONS = YES;
				CLANG_WARN_DIRECT_OBJC_ISA_USAGE = YES_ERROR;
				CLANG_WARN_DOCUMENTATION_COMMENTS = YES;
				CLANG_WARN_EMPTY_BODY = YES;
				CLANG_WARN_ENUM_CONVERSION = YES;
				CLANG_WARN_INFINITE_RECURSION = YES;
				CLANG_WARN_INT_CONVERSION = YES;
				CLANG_WARN_NON_LITERAL_NULL_CONVERSION = YES;
				CLANG_WARN_OBJC_IMPLICIT_RETAIN_SELF = YES;
				CLANG_WARN_OBJC_LITERAL_CONVERSION = YES;
				CLANG_WARN_OBJC_ROOT_CLASS = YES_ERROR;
				CLANG_WARN_RANGE_LOOP_ANALYSIS = YES;
				CLANG_WARN_STRICT_PROTOTYPES = YES;
				CLANG_WARN_SUSPICIOUS_MOVE = YES;
				CLANG_WARN_UNGUARDED_AVAILABILITY = YES_AGGRESSIVE;
				CLANG_WARN_UNREACHABLE_CODE = YES;
				CLANG_WARN__DUPLICATE_METHOD_MATCH = YES;
				CODE_SIGN_IDENTITY = "iPhone Developer";
				COPY_PHASE_STRIP = NO;
				DEBUG_INFORMATION_FORMAT = dwarf;
				ENABLE_STRICT_OBJC_MSGSEND = YES;
				ENABLE_TESTABILITY = YES;
				GCC_C_LANGUAGE_STANDARD = gnu11;
				GCC_DYNAMIC_NO_PIC = NO;
				GCC_NO_COMMON_BLOCKS = YES;
				GCC_OPTIMIZATION_LEVEL = 0;
				GCC_PREPROCESSOR_DEFINITIONS = (
					"DEBUG=1",
					"$(inherited)",
				);
				GCC_WARN_64_TO_32_BIT_CONVERSION = YES;
				GCC_WARN_ABOUT_RETURN_TYPE = YES_ERROR;
				GCC_WARN_UNDECLARED_SELECTOR = YES;
				GCC_WARN_UNINITIALIZED_AUTOS = YES_AGGRESSIVE;
				GCC_WARN_UNUSED_FUNCTION = YES;
				GCC_WARN_UNUSED_VARIABLE = YES;
				IPHONEOS_DEPLOYMENT_TARGET = 11.3;
				MTL_ENABLE_DEBUG_INFO = YES;
				ONLY_ACTIVE_ARCH = YES;
				SDKROOT = iphoneos;
				SWIFT_ACTIVE_COMPILATION_CONDITIONS = DEBUG;
				SWIFT_OPTIMIZATION_LEVEL = "-Onone";
			};
			name = Debug;
		};
		E272681A20AC158100DB15BF /* Release */ = {
			isa = XCBuildConfiguration;
			buildSettings = {
				ALWAYS_SEARCH_USER_PATHS = NO;
				CLANG_ANALYZER_NONNULL = YES;
				CLANG_ANALYZER_NUMBER_OBJECT_CONVERSION = YES_AGGRESSIVE;
				CLANG_CXX_LANGUAGE_STANDARD = "gnu++14";
				CLANG_CXX_LIBRARY = "libc++";
				CLANG_ENABLE_MODULES = YES;
				CLANG_ENABLE_OBJC_ARC = YES;
				CLANG_ENABLE_OBJC_WEAK = YES;
				CLANG_WARN_BLOCK_CAPTURE_AUTORELEASING = YES;
				CLANG_WARN_BOOL_CONVERSION = YES;
				CLANG_WARN_COMMA = YES;
				CLANG_WARN_CONSTANT_CONVERSION = YES;
				CLANG_WARN_DEPRECATED_OBJC_IMPLEMENTATIONS = YES;
				CLANG_WARN_DIRECT_OBJC_ISA_USAGE = YES_ERROR;
				CLANG_WARN_DOCUMENTATION_COMMENTS = YES;
				CLANG_WARN_EMPTY_BODY = YES;
				CLANG_WARN_ENUM_CONVERSION = YES;
				CLANG_WARN_INFINITE_RECURSION = YES;
				CLANG_WARN_INT_CONVERSION = YES;
				CLANG_WARN_NON_LITERAL_NULL_CONVERSION = YES;
				CLANG_WARN_OBJC_IMPLICIT_RETAIN_SELF = YES;
				CLANG_WARN_OBJC_LITERAL_CONVERSION = YES;
				CLANG_WARN_OBJC_ROOT_CLASS = YES_ERROR;
				CLANG_WARN_RANGE_LOOP_ANALYSIS = YES;
				CLANG_WARN_STRICT_PROTOTYPES = YES;
				CLANG_WARN_SUSPICIOUS_MOVE = YES;
				CLANG_WARN_UNGUARDED_AVAILABILITY = YES_AGGRESSIVE;
				CLANG_WARN_UNREACHABLE_CODE = YES;
				CLANG_WARN__DUPLICATE_METHOD_MATCH = YES;
				CODE_SIGN_IDENTITY = "iPhone Developer";
				COPY_PHASE_STRIP = NO;
				DEBUG_INFORMATION_FORMAT = "dwarf-with-dsym";
				ENABLE_NS_ASSERTIONS = NO;
				ENABLE_STRICT_OBJC_MSGSEND = YES;
				GCC_C_LANGUAGE_STANDARD = gnu11;
				GCC_NO_COMMON_BLOCKS = YES;
				GCC_WARN_64_TO_32_BIT_CONVERSION = YES;
				GCC_WARN_ABOUT_RETURN_TYPE = YES_ERROR;
				GCC_WARN_UNDECLARED_SELECTOR = YES;
				GCC_WARN_UNINITIALIZED_AUTOS = YES_AGGRESSIVE;
				GCC_WARN_UNUSED_FUNCTION = YES;
				GCC_WARN_UNUSED_VARIABLE = YES;
				IPHONEOS_DEPLOYMENT_TARGET = 11.3;
				MTL_ENABLE_DEBUG_INFO = NO;
				SDKROOT = iphoneos;
				SWIFT_COMPILATION_MODE = wholemodule;
				SWIFT_OPTIMIZATION_LEVEL = "-O";
				VALIDATE_PRODUCT = YES;
			};
			name = Release;
		};
		E272681C20AC158100DB15BF /* Debug */ = {
			isa = XCBuildConfiguration;
			buildSettings = {
				ASSETCATALOG_COMPILER_APPICON_NAME = AppIcon;
				CODE_SIGN_STYLE = Automatic;
				DEVELOPMENT_TEAM = SUV78YK42U;
				INFOPLIST_FILE = RestaurantApp/Info.plist;
				IPHONEOS_DEPLOYMENT_TARGET = 11.3;
				LD_RUNPATH_SEARCH_PATHS = (
					"$(inherited)",
					"@executable_path/Frameworks",
				);
				PRODUCT_BUNDLE_IDENTIFIER = "com.blue-red.RestaurantApp";
				PRODUCT_NAME = "$(TARGET_NAME)";
				SWIFT_VERSION = 4.0;
				TARGETED_DEVICE_FAMILY = "1,2";
			};
			name = Debug;
		};
		E272681D20AC158100DB15BF /* Release */ = {
			isa = XCBuildConfiguration;
			buildSettings = {
				ASSETCATALOG_COMPILER_APPICON_NAME = AppIcon;
				CODE_SIGN_STYLE = Automatic;
				DEVELOPMENT_TEAM = SUV78YK42U;
				INFOPLIST_FILE = RestaurantApp/Info.plist;
				IPHONEOS_DEPLOYMENT_TARGET = 11.3;
				LD_RUNPATH_SEARCH_PATHS = (
					"$(inherited)",
					"@executable_path/Frameworks",
				);
				PRODUCT_BUNDLE_IDENTIFIER = "com.blue-red.RestaurantApp";
				PRODUCT_NAME = "$(TARGET_NAME)";
				SWIFT_VERSION = 4.0;
				TARGETED_DEVICE_FAMILY = "1,2";
			};
			name = Release;
		};
/* End XCBuildConfiguration section */

/* Begin XCConfigurationList section */
		E272680420AC158000DB15BF /* Build configuration list for PBXProject "RestaurantApp" */ = {
			isa = XCConfigurationList;
			buildConfigurations = (
				E272681920AC158100DB15BF /* Debug */,
				E272681A20AC158100DB15BF /* Release */,
			);
			defaultConfigurationIsVisible = 0;
			defaultConfigurationName = Release;
		};
		E272681B20AC158100DB15BF /* Build configuration list for PBXNativeTarget "RestaurantApp" */ = {
			isa = XCConfigurationList;
			buildConfigurations = (
				E272681C20AC158100DB15BF /* Debug */,
				E272681D20AC158100DB15BF /* Release */,
			);
			defaultConfigurationIsVisible = 0;
			defaultConfigurationName = Release;
		};
/* End XCConfigurationList section */
	};
	rootObject = E272680120AC158000DB15BF /* Project object */;
}
